
Microsoft Visual Studio Solution File, Format Version 12.00
# Visual Studio 15
VisualStudioVersion = 15.0.28307.572
MinimumVisualStudioVersion = 10.0.40219.1
Project("{9A19103F-16F7-4668-BE54-9A1E7A4F7556}") = "CashBasis", "CashBasis\CashBasis.csproj", "{181CB2CB-F20D-47C9-B349-5720FB5F3A57}"
EndProject
Project("{FAE04EC0-301F-11D3-BF4B-00C04F79EFBC}") = "CB.Entities", "CB.Entities\CB.Entities.csproj", "{413DD60F-D7DC-4236-9EC3-6A11239E5C21}"
EndProject
Global
	GlobalSection(SolutionConfigurationPlatforms) = preSolution
		Debug|Any CPU = Debug|Any CPU
		Release|Any CPU = Release|Any CPU
	EndGlobalSection
	GlobalSection(ProjectConfigurationPlatforms) = postSolution
		{181CB2CB-F20D-47C9-B349-5720FB5F3A57}.Debug|Any CPU.ActiveCfg = Debug|Any CPU
		{181CB2CB-F20D-47C9-B349-5720FB5F3A57}.Debug|Any CPU.Build.0 = Debug|Any CPU
		{181CB2CB-F20D-47C9-B349-5720FB5F3A57}.Release|Any CPU.ActiveCfg = Release|Any CPU
		{181CB2CB-F20D-47C9-B349-5720FB5F3A57}.Release|Any CPU.Build.0 = Release|Any CPU
		{413DD60F-D7DC-4236-9EC3-6A11239E5C21}.Debug|Any CPU.ActiveCfg = Debug|Any CPU
		{413DD60F-D7DC-4236-9EC3-6A11239E5C21}.Debug|Any CPU.Build.0 = Debug|Any CPU
		{413DD60F-D7DC-4236-9EC3-6A11239E5C21}.Release|Any CPU.ActiveCfg = Release|Any CPU
		{413DD60F-D7DC-4236-9EC3-6A11239E5C21}.Release|Any CPU.Build.0 = Release|Any CPU
	EndGlobalSection
	GlobalSection(SolutionProperties) = preSolution
		HideSolutionNode = FALSE
	EndGlobalSection
	GlobalSection(ExtensibilityGlobals) = postSolution
		SolutionGuid = {EF5936C7-3401-4959-9E4B-657DE12C9C73}
	EndGlobalSection
EndGlobal
